// !$*UTF8*$!
{
	archiveVersion = 1;
	classes = {
	};
	objectVersion = 46;
	objects = {

/* Begin PBXAggregateTarget section */
		CC4A382614952349004B7653 /* Documentation */ = {
			isa = PBXAggregateTarget;
			buildConfigurationList = CC4A382714952349004B7653 /* Build configuration list for PBXAggregateTarget "Documentation" */;
			buildPhases = (
				CC4A382A14952404004B7653 /* ShellScript */,
			);
			dependencies = (
			);
			name = Documentation;
			productName = Documentation;
		};
/* End PBXAggregateTarget section */

/* Begin PBXBuildFile section */
		CC52FF2215378196005A767A /* NSArray+Utilities.h in Headers */ = {isa = PBXBuildFile; fileRef = CC52FF0B15378196005A767A /* NSArray+Utilities.h */; };
		CC52FF2315378196005A767A /* NSArray+Utilities.m in Sources */ = {isa = PBXBuildFile; fileRef = CC52FF0C15378196005A767A /* NSArray+Utilities.m */; };
		CC52FF2415378196005A767A /* NSAttributeDescription+ColumnTypes.h in Headers */ = {isa = PBXBuildFile; fileRef = CC52FF0D15378196005A767A /* NSAttributeDescription+ColumnTypes.h */; };
		CC52FF2515378196005A767A /* NSAttributeDescription+ColumnTypes.m in Sources */ = {isa = PBXBuildFile; fileRef = CC52FF0E15378196005A767A /* NSAttributeDescription+ColumnTypes.m */; };
		CC52FF2615378196005A767A /* NSData+Base64.h in Headers */ = {isa = PBXBuildFile; fileRef = CC52FF0F15378196005A767A /* NSData+Base64.h */; };
		CC52FF2715378196005A767A /* NSData+Base64.m in Sources */ = {isa = PBXBuildFile; fileRef = CC52FF1015378196005A767A /* NSData+Base64.m */; };
		CC52FF2815378196005A767A /* NSDate+Utilities.h in Headers */ = {isa = PBXBuildFile; fileRef = CC52FF1115378196005A767A /* NSDate+Utilities.h */; };
		CC52FF2915378196005A767A /* NSDate+Utilities.m in Sources */ = {isa = PBXBuildFile; fileRef = CC52FF1215378196005A767A /* NSDate+Utilities.m */; };
		CC52FF2A15378196005A767A /* NSEntityDescription+AttributeMapping.h in Headers */ = {isa = PBXBuildFile; fileRef = CC52FF1315378196005A767A /* NSEntityDescription+AttributeMapping.h */; };
		CC52FF2B15378196005A767A /* NSEntityDescription+AttributeMapping.m in Sources */ = {isa = PBXBuildFile; fileRef = CC52FF1415378196005A767A /* NSEntityDescription+AttributeMapping.m */; };
		CC52FF2C15378196005A767A /* NSManagedObject+JSON.h in Headers */ = {isa = PBXBuildFile; fileRef = CC52FF1515378196005A767A /* NSManagedObject+JSON.h */; };
		CC52FF2D15378196005A767A /* NSManagedObject+JSON.m in Sources */ = {isa = PBXBuildFile; fileRef = CC52FF1615378196005A767A /* NSManagedObject+JSON.m */; };
		CC52FF2E15378196005A767A /* NSManagedObject+URI.h in Headers */ = {isa = PBXBuildFile; fileRef = CC52FF1715378196005A767A /* NSManagedObject+URI.h */; };
		CC52FF2F15378196005A767A /* NSManagedObject+URI.m in Sources */ = {isa = PBXBuildFile; fileRef = CC52FF1815378196005A767A /* NSManagedObject+URI.m */; };
		CC52FF3015378196005A767A /* NSManagedObjectContext+Fetching.h in Headers */ = {isa = PBXBuildFile; fileRef = CC52FF1915378196005A767A /* NSManagedObjectContext+Fetching.h */; };
		CC52FF3115378196005A767A /* NSManagedObjectContext+Fetching.m in Sources */ = {isa = PBXBuildFile; fileRef = CC52FF1A15378196005A767A /* NSManagedObjectContext+Fetching.m */; };
		CC52FF3215378196005A767A /* NSManagedObjectContext+Utilities.h in Headers */ = {isa = PBXBuildFile; fileRef = CC52FF1B15378196005A767A /* NSManagedObjectContext+Utilities.h */; };
		CC52FF3315378196005A767A /* NSManagedObjectContext+Utilities.m in Sources */ = {isa = PBXBuildFile; fileRef = CC52FF1C15378196005A767A /* NSManagedObjectContext+Utilities.m */; };
		CC52FF3415378196005A767A /* NSObject+Utilities.h in Headers */ = {isa = PBXBuildFile; fileRef = CC52FF1D15378196005A767A /* NSObject+Utilities.h */; };
		CC52FF3515378196005A767A /* NSObject+Utilities.m in Sources */ = {isa = PBXBuildFile; fileRef = CC52FF1E15378196005A767A /* NSObject+Utilities.m */; };
		CC52FF3615378196005A767A /* NSString+Utilities.h in Headers */ = {isa = PBXBuildFile; fileRef = CC52FF1F15378196005A767A /* NSString+Utilities.h */; };
		CC52FF3715378196005A767A /* NSString+Utilities.m in Sources */ = {isa = PBXBuildFile; fileRef = CC52FF2015378196005A767A /* NSString+Utilities.m */; };
		CCCAF39B152A4F8300E22571 /* Cocoa.framework in Frameworks */ = {isa = PBXBuildFile; fileRef = CCCAF39A152A4F8300E22571 /* Cocoa.framework */; };
		CCCAF3A5152A4F8300E22571 /* InfoPlist.strings in Resources */ = {isa = PBXBuildFile; fileRef = CCCAF3A3152A4F8300E22571 /* InfoPlist.strings */; };
		CCCAF3C3152A4FE100E22571 /* UAShared.h in Headers */ = {isa = PBXBuildFile; fileRef = CCCAF3A7152A4F8300E22571 /* UAShared.h */; settings = {ATTRIBUTES = (Public, ); }; };
/* End PBXBuildFile section */

/* Begin PBXFileReference section */
		CC52FF0B15378196005A767A /* NSArray+Utilities.h */ = {isa = PBXFileReference; fileEncoding = 4; lastKnownFileType = sourcecode.c.h; path = "NSArray+Utilities.h"; sourceTree = "<group>"; };
		CC52FF0C15378196005A767A /* NSArray+Utilities.m */ = {isa = PBXFileReference; fileEncoding = 4; lastKnownFileType = sourcecode.c.objc; path = "NSArray+Utilities.m"; sourceTree = "<group>"; };
		CC52FF0D15378196005A767A /* NSAttributeDescription+ColumnTypes.h */ = {isa = PBXFileReference; fileEncoding = 4; lastKnownFileType = sourcecode.c.h; path = "NSAttributeDescription+ColumnTypes.h"; sourceTree = "<group>"; };
		CC52FF0E15378196005A767A /* NSAttributeDescription+ColumnTypes.m */ = {isa = PBXFileReference; fileEncoding = 4; lastKnownFileType = sourcecode.c.objc; path = "NSAttributeDescription+ColumnTypes.m"; sourceTree = "<group>"; };
		CC52FF0F15378196005A767A /* NSData+Base64.h */ = {isa = PBXFileReference; fileEncoding = 4; lastKnownFileType = sourcecode.c.h; path = "NSData+Base64.h"; sourceTree = "<group>"; };
		CC52FF1015378196005A767A /* NSData+Base64.m */ = {isa = PBXFileReference; fileEncoding = 4; lastKnownFileType = sourcecode.c.objc; path = "NSData+Base64.m"; sourceTree = "<group>"; };
		CC52FF1115378196005A767A /* NSDate+Utilities.h */ = {isa = PBXFileReference; fileEncoding = 4; lastKnownFileType = sourcecode.c.h; path = "NSDate+Utilities.h"; sourceTree = "<group>"; };
		CC52FF1215378196005A767A /* NSDate+Utilities.m */ = {isa = PBXFileReference; fileEncoding = 4; lastKnownFileType = sourcecode.c.objc; path = "NSDate+Utilities.m"; sourceTree = "<group>"; };
		CC52FF1315378196005A767A /* NSEntityDescription+AttributeMapping.h */ = {isa = PBXFileReference; fileEncoding = 4; lastKnownFileType = sourcecode.c.h; path = "NSEntityDescription+AttributeMapping.h"; sourceTree = "<group>"; };
		CC52FF1415378196005A767A /* NSEntityDescription+AttributeMapping.m */ = {isa = PBXFileReference; fileEncoding = 4; lastKnownFileType = sourcecode.c.objc; path = "NSEntityDescription+AttributeMapping.m"; sourceTree = "<group>"; };
		CC52FF1515378196005A767A /* NSManagedObject+JSON.h */ = {isa = PBXFileReference; fileEncoding = 4; lastKnownFileType = sourcecode.c.h; path = "NSManagedObject+JSON.h"; sourceTree = "<group>"; };
		CC52FF1615378196005A767A /* NSManagedObject+JSON.m */ = {isa = PBXFileReference; fileEncoding = 4; lastKnownFileType = sourcecode.c.objc; path = "NSManagedObject+JSON.m"; sourceTree = "<group>"; };
		CC52FF1715378196005A767A /* NSManagedObject+URI.h */ = {isa = PBXFileReference; fileEncoding = 4; lastKnownFileType = sourcecode.c.h; path = "NSManagedObject+URI.h"; sourceTree = "<group>"; };
		CC52FF1815378196005A767A /* NSManagedObject+URI.m */ = {isa = PBXFileReference; fileEncoding = 4; lastKnownFileType = sourcecode.c.objc; path = "NSManagedObject+URI.m"; sourceTree = "<group>"; };
		CC52FF1915378196005A767A /* NSManagedObjectContext+Fetching.h */ = {isa = PBXFileReference; fileEncoding = 4; lastKnownFileType = sourcecode.c.h; path = "NSManagedObjectContext+Fetching.h"; sourceTree = "<group>"; };
		CC52FF1A15378196005A767A /* NSManagedObjectContext+Fetching.m */ = {isa = PBXFileReference; fileEncoding = 4; lastKnownFileType = sourcecode.c.objc; path = "NSManagedObjectContext+Fetching.m"; sourceTree = "<group>"; };
		CC52FF1B15378196005A767A /* NSManagedObjectContext+Utilities.h */ = {isa = PBXFileReference; fileEncoding = 4; lastKnownFileType = sourcecode.c.h; path = "NSManagedObjectContext+Utilities.h"; sourceTree = "<group>"; };
		CC52FF1C15378196005A767A /* NSManagedObjectContext+Utilities.m */ = {isa = PBXFileReference; fileEncoding = 4; lastKnownFileType = sourcecode.c.objc; path = "NSManagedObjectContext+Utilities.m"; sourceTree = "<group>"; };
		CC52FF1D15378196005A767A /* NSObject+Utilities.h */ = {isa = PBXFileReference; fileEncoding = 4; lastKnownFileType = sourcecode.c.h; path = "NSObject+Utilities.h"; sourceTree = "<group>"; };
		CC52FF1E15378196005A767A /* NSObject+Utilities.m */ = {isa = PBXFileReference; fileEncoding = 4; lastKnownFileType = sourcecode.c.objc; path = "NSObject+Utilities.m"; sourceTree = "<group>"; };
		CC52FF1F15378196005A767A /* NSString+Utilities.h */ = {isa = PBXFileReference; fileEncoding = 4; lastKnownFileType = sourcecode.c.h; path = "NSString+Utilities.h"; sourceTree = "<group>"; };
		CC52FF2015378196005A767A /* NSString+Utilities.m */ = {isa = PBXFileReference; fileEncoding = 4; lastKnownFileType = sourcecode.c.objc; path = "NSString+Utilities.m"; sourceTree = "<group>"; };
		CCCAF397152A4F8300E22571 /* UAShared.framework */ = {isa = PBXFileReference; explicitFileType = wrapper.framework; includeInIndex = 0; path = UAShared.framework; sourceTree = BUILT_PRODUCTS_DIR; };
		CCCAF39A152A4F8300E22571 /* Cocoa.framework */ = {isa = PBXFileReference; lastKnownFileType = wrapper.framework; name = Cocoa.framework; path = System/Library/Frameworks/Cocoa.framework; sourceTree = SDKROOT; };
		CCCAF39D152A4F8300E22571 /* AppKit.framework */ = {isa = PBXFileReference; lastKnownFileType = wrapper.framework; name = AppKit.framework; path = System/Library/Frameworks/AppKit.framework; sourceTree = SDKROOT; };
		CCCAF39E152A4F8300E22571 /* CoreData.framework */ = {isa = PBXFileReference; lastKnownFileType = wrapper.framework; name = CoreData.framework; path = System/Library/Frameworks/CoreData.framework; sourceTree = SDKROOT; };
		CCCAF39F152A4F8300E22571 /* Foundation.framework */ = {isa = PBXFileReference; lastKnownFileType = wrapper.framework; name = Foundation.framework; path = System/Library/Frameworks/Foundation.framework; sourceTree = SDKROOT; };
		CCCAF3A2152A4F8300E22571 /* UAShared-Info.plist */ = {isa = PBXFileReference; lastKnownFileType = text.plist.xml; path = "UAShared-Info.plist"; sourceTree = "<group>"; };
		CCCAF3A4152A4F8300E22571 /* en */ = {isa = PBXFileReference; lastKnownFileType = text.plist.strings; name = en; path = en.lproj/InfoPlist.strings; sourceTree = "<group>"; };
		CCCAF3A6152A4F8300E22571 /* UAShared-Prefix.pch */ = {isa = PBXFileReference; lastKnownFileType = sourcecode.c.h; path = "UAShared-Prefix.pch"; sourceTree = "<group>"; };
		CCCAF3A7152A4F8300E22571 /* UAShared.h */ = {isa = PBXFileReference; lastKnownFileType = sourcecode.c.h; path = UAShared.h; sourceTree = "<group>"; };
/* End PBXFileReference section */

/* Begin PBXFrameworksBuildPhase section */
		CCCAF393152A4F8300E22571 /* Frameworks */ = {
			isa = PBXFrameworksBuildPhase;
			buildActionMask = 2147483647;
			files = (
				CCCAF39B152A4F8300E22571 /* Cocoa.framework in Frameworks */,
			);
			runOnlyForDeploymentPostprocessing = 0;
		};
/* End PBXFrameworksBuildPhase section */

/* Begin PBXGroup section */
		CCC4516614807A4F00F370E8 = {
			isa = PBXGroup;
			children = (
				CCCAF3A0152A4F8300E22571 /* UAShared */,
				CCCAF399152A4F8300E22571 /* Frameworks */,
				CCCAF398152A4F8300E22571 /* Products */,
			);
			sourceTree = "<group>";
		};
		CCCAF398152A4F8300E22571 /* Products */ = {
			isa = PBXGroup;
			children = (
				CCCAF397152A4F8300E22571 /* UAShared.framework */,
			);
			name = Products;
			sourceTree = "<group>";
		};
		CCCAF399152A4F8300E22571 /* Frameworks */ = {
			isa = PBXGroup;
			children = (
				CCCAF39A152A4F8300E22571 /* Cocoa.framework */,
				CCCAF39C152A4F8300E22571 /* Other Frameworks */,
			);
			name = Frameworks;
			sourceTree = "<group>";
		};
		CCCAF39C152A4F8300E22571 /* Other Frameworks */ = {
			isa = PBXGroup;
			children = (
				CCCAF39D152A4F8300E22571 /* AppKit.framework */,
				CCCAF39E152A4F8300E22571 /* CoreData.framework */,
				CCCAF39F152A4F8300E22571 /* Foundation.framework */,
			);
			name = "Other Frameworks";
			sourceTree = "<group>";
		};
		CCCAF3A0152A4F8300E22571 /* UAShared */ = {
			isa = PBXGroup;
			children = (
				CCCAF3A7152A4F8300E22571 /* UAShared.h */,
				CC52FF0B15378196005A767A /* NSArray+Utilities.h */,
				CC52FF0C15378196005A767A /* NSArray+Utilities.m */,
				CC52FF0D15378196005A767A /* NSAttributeDescription+ColumnTypes.h */,
				CC52FF0E15378196005A767A /* NSAttributeDescription+ColumnTypes.m */,
				CC52FF0F15378196005A767A /* NSData+Base64.h */,
				CC52FF1015378196005A767A /* NSData+Base64.m */,
				CC52FF1115378196005A767A /* NSDate+Utilities.h */,
				CC52FF1215378196005A767A /* NSDate+Utilities.m */,
				CC52FF1315378196005A767A /* NSEntityDescription+AttributeMapping.h */,
				CC52FF1415378196005A767A /* NSEntityDescription+AttributeMapping.m */,
				CC52FF1515378196005A767A /* NSManagedObject+JSON.h */,
				CC52FF1615378196005A767A /* NSManagedObject+JSON.m */,
				CC52FF1715378196005A767A /* NSManagedObject+URI.h */,
				CC52FF1815378196005A767A /* NSManagedObject+URI.m */,
				CC52FF1915378196005A767A /* NSManagedObjectContext+Fetching.h */,
				CC52FF1A15378196005A767A /* NSManagedObjectContext+Fetching.m */,
				CC52FF1B15378196005A767A /* NSManagedObjectContext+Utilities.h */,
				CC52FF1C15378196005A767A /* NSManagedObjectContext+Utilities.m */,
				CC52FF1D15378196005A767A /* NSObject+Utilities.h */,
				CC52FF1E15378196005A767A /* NSObject+Utilities.m */,
				CC52FF1F15378196005A767A /* NSString+Utilities.h */,
				CC52FF2015378196005A767A /* NSString+Utilities.m */,
				CCCAF3A1152A4F8300E22571 /* Supporting Files */,
			);
			path = UAShared;
			sourceTree = "<group>";
		};
		CCCAF3A1152A4F8300E22571 /* Supporting Files */ = {
			isa = PBXGroup;
			children = (
				CCCAF3A2152A4F8300E22571 /* UAShared-Info.plist */,
				CCCAF3A3152A4F8300E22571 /* InfoPlist.strings */,
				CCCAF3A6152A4F8300E22571 /* UAShared-Prefix.pch */,
			);
			name = "Supporting Files";
			sourceTree = "<group>";
		};
/* End PBXGroup section */

/* Begin PBXHeadersBuildPhase section */
		CCCAF394152A4F8300E22571 /* Headers */ = {
			isa = PBXHeadersBuildPhase;
			buildActionMask = 2147483647;
			files = (
				CCCAF3C3152A4FE100E22571 /* UAShared.h in Headers */,
				CC52FF2215378196005A767A /* NSArray+Utilities.h in Headers */,
				CC52FF2415378196005A767A /* NSAttributeDescription+ColumnTypes.h in Headers */,
				CC52FF2615378196005A767A /* NSData+Base64.h in Headers */,
				CC52FF2815378196005A767A /* NSDate+Utilities.h in Headers */,
				CC52FF2A15378196005A767A /* NSEntityDescription+AttributeMapping.h in Headers */,
				CC52FF2C15378196005A767A /* NSManagedObject+JSON.h in Headers */,
				CC52FF2E15378196005A767A /* NSManagedObject+URI.h in Headers */,
				CC52FF3015378196005A767A /* NSManagedObjectContext+Fetching.h in Headers */,
				CC52FF3215378196005A767A /* NSManagedObjectContext+Utilities.h in Headers */,
				CC52FF3415378196005A767A /* NSObject+Utilities.h in Headers */,
				CC52FF3615378196005A767A /* NSString+Utilities.h in Headers */,
			);
			runOnlyForDeploymentPostprocessing = 0;
		};
/* End PBXHeadersBuildPhase section */

/* Begin PBXNativeTarget section */
		CCCAF396152A4F8300E22571 /* UAShared */ = {
			isa = PBXNativeTarget;
			buildConfigurationList = CCCAF3AC152A4F8300E22571 /* Build configuration list for PBXNativeTarget "UAShared" */;
			buildPhases = (
				CCCAF392152A4F8300E22571 /* Sources */,
				CCCAF393152A4F8300E22571 /* Frameworks */,
				CCCAF394152A4F8300E22571 /* Headers */,
				CCCAF395152A4F8300E22571 /* Resources */,
			);
			buildRules = (
			);
			dependencies = (
			);
			name = UAShared;
			productName = UAShared;
			productReference = CCCAF397152A4F8300E22571 /* UAShared.framework */;
			productType = "com.apple.product-type.framework";
		};
/* End PBXNativeTarget section */

/* Begin PBXProject section */
		CCC4516814807A4F00F370E8 /* Project object */ = {
			isa = PBXProject;
			attributes = {
				LastUpgradeCheck = 0430;
				ORGANIZATIONNAME = "Owain R Hunt";
			};
			buildConfigurationList = CCC4516B14807A4F00F370E8 /* Build configuration list for PBXProject "UAShared" */;
			compatibilityVersion = "Xcode 3.2";
			developmentRegion = English;
			hasScannedForEncodings = 0;
			knownRegions = (
				en,
			);
			mainGroup = CCC4516614807A4F00F370E8;
			productRefGroup = CCCAF398152A4F8300E22571 /* Products */;
			projectDirPath = "";
			projectRoot = "";
			targets = (
				CC4A382614952349004B7653 /* Documentation */,
				CCCAF396152A4F8300E22571 /* UAShared */,
			);
		};
/* End PBXProject section */

/* Begin PBXResourcesBuildPhase section */
		CCCAF395152A4F8300E22571 /* Resources */ = {
			isa = PBXResourcesBuildPhase;
			buildActionMask = 2147483647;
			files = (
				CCCAF3A5152A4F8300E22571 /* InfoPlist.strings in Resources */,
			);
			runOnlyForDeploymentPostprocessing = 0;
		};
/* End PBXResourcesBuildPhase section */

/* Begin PBXShellScriptBuildPhase section */
		CC4A382A14952404004B7653 /* ShellScript */ = {
			isa = PBXShellScriptBuildPhase;
			buildActionMask = 2147483647;
			files = (
			);
			inputPaths = (
			);
			outputPaths = (
			);
			runOnlyForDeploymentPostprocessing = 0;
			shellPath = /bin/bash;
			shellScript = "/usr/local/cellar/appledoc/2.0.4/bin/appledoc --project-name $PROJECT_NAME --project-company \"Underscore Apps\" --company-id com.underscore --output $SOURCE_ROOT/docs --logformat xcode .\n";
		};
/* End PBXShellScriptBuildPhase section */

/* Begin PBXSourcesBuildPhase section */
		CCCAF392152A4F8300E22571 /* Sources */ = {
			isa = PBXSourcesBuildPhase;
			buildActionMask = 2147483647;
			files = (
				CC52FF2315378196005A767A /* NSArray+Utilities.m in Sources */,
				CC52FF2515378196005A767A /* NSAttributeDescription+ColumnTypes.m in Sources */,
				CC52FF2715378196005A767A /* NSData+Base64.m in Sources */,
				CC52FF2915378196005A767A /* NSDate+Utilities.m in Sources */,
				CC52FF2B15378196005A767A /* NSEntityDescription+AttributeMapping.m in Sources */,
				CC52FF2D15378196005A767A /* NSManagedObject+JSON.m in Sources */,
				CC52FF2F15378196005A767A /* NSManagedObject+URI.m in Sources */,
				CC52FF3115378196005A767A /* NSManagedObjectContext+Fetching.m in Sources */,
				CC52FF3315378196005A767A /* NSManagedObjectContext+Utilities.m in Sources */,
				CC52FF3515378196005A767A /* NSObject+Utilities.m in Sources */,
				CC52FF3715378196005A767A /* NSString+Utilities.m in Sources */,
			);
			runOnlyForDeploymentPostprocessing = 0;
		};
/* End PBXSourcesBuildPhase section */

/* Begin PBXVariantGroup section */
		CCCAF3A3152A4F8300E22571 /* InfoPlist.strings */ = {
			isa = PBXVariantGroup;
			children = (
				CCCAF3A4152A4F8300E22571 /* en */,
			);
			name = InfoPlist.strings;
			sourceTree = "<group>";
		};
/* End PBXVariantGroup section */

/* Begin XCBuildConfiguration section */
		CC4A382814952349004B7653 /* Debug */ = {
			isa = XCBuildConfiguration;
			buildSettings = {
				PRODUCT_NAME = "$(TARGET_NAME)";
			};
			name = Debug;
		};
		CC4A382914952349004B7653 /* Release */ = {
			isa = XCBuildConfiguration;
			buildSettings = {
				PRODUCT_NAME = "$(TARGET_NAME)";
			};
			name = Release;
		};
		CCC4516D14807A4F00F370E8 /* Debug */ = {
			isa = XCBuildConfiguration;
			buildSettings = {
			};
			name = Debug;
		};
		CCC4516E14807A4F00F370E8 /* Release */ = {
			isa = XCBuildConfiguration;
			buildSettings = {
			};
			name = Release;
		};
		CCCAF3AA152A4F8300E22571 /* Debug */ = {
			isa = XCBuildConfiguration;
			buildSettings = {
				ALWAYS_SEARCH_USER_PATHS = NO;
				ARCHS = "$(ARCHS_STANDARD_64_BIT)";
				CLANG_ENABLE_OBJC_ARC = YES;
				COPY_PHASE_STRIP = NO;
				DYLIB_COMPATIBILITY_VERSION = 1;
				DYLIB_CURRENT_VERSION = 1;
				FRAMEWORK_VERSION = A;
				GCC_C_LANGUAGE_STANDARD = gnu99;
				GCC_DYNAMIC_NO_PIC = NO;
				GCC_ENABLE_OBJC_EXCEPTIONS = YES;
				GCC_OPTIMIZATION_LEVEL = 0;
				GCC_PRECOMPILE_PREFIX_HEADER = YES;
				GCC_PREFIX_HEADER = "UAShared/UAShared-Prefix.pch";
				GCC_PREPROCESSOR_DEFINITIONS = (
					"DEBUG=1",
					"$(inherited)",
				);
				GCC_SYMBOLS_PRIVATE_EXTERN = NO;
				GCC_VERSION = com.apple.compilers.llvm.clang.1_0;
				GCC_WARN_64_TO_32_BIT_CONVERSION = YES;
				GCC_WARN_ABOUT_RETURN_TYPE = YES;
				GCC_WARN_UNINITIALIZED_AUTOS = YES;
				GCC_WARN_UNUSED_VARIABLE = YES;
				INFOPLIST_FILE = "UAShared/UAShared-Info.plist";
				MACOSX_DEPLOYMENT_TARGET = 10.7;
				ONLY_ACTIVE_ARCH = YES;
				PRODUCT_NAME = "$(TARGET_NAME)";
				SDKROOT = macosx;
				WRAPPER_EXTENSION = framework;
			};
			name = Debug;
		};
		CCCAF3AB152A4F8300E22571 /* Release */ = {
			isa = XCBuildConfiguration;
			buildSettings = {
				ALWAYS_SEARCH_USER_PATHS = NO;
				ARCHS = "$(ARCHS_STANDARD_64_BIT)";
				CLANG_ENABLE_OBJC_ARC = YES;
				COPY_PHASE_STRIP = YES;
				DEBUG_INFORMATION_FORMAT = "dwarf-with-dsym";
				DYLIB_COMPATIBILITY_VERSION = 1;
				DYLIB_CURRENT_VERSION = 1;
				FRAMEWORK_VERSION = A;
				GCC_C_LANGUAGE_STANDARD = gnu99;
				GCC_ENABLE_OBJC_EXCEPTIONS = YES;
				GCC_PRECOMPILE_PREFIX_HEADER = YES;
				GCC_PREFIX_HEADER = "UAShared/UAShared-Prefix.pch";
				GCC_VERSION = com.apple.compilers.llvm.clang.1_0;
				GCC_WARN_64_TO_32_BIT_CONVERSION = YES;
				GCC_WARN_ABOUT_RETURN_TYPE = YES;
				GCC_WARN_UNINITIALIZED_AUTOS = YES;
				GCC_WARN_UNUSED_VARIABLE = YES;
				INFOPLIST_FILE = "UAShared/UAShared-Info.plist";
				MACOSX_DEPLOYMENT_TARGET = 10.7;
				PRODUCT_NAME = "$(TARGET_NAME)";
				SDKROOT = macosx;
				WRAPPER_EXTENSION = framework;
			};
			name = Release;
		};
/* End XCBuildConfiguration section */

/* Begin XCConfigurationList section */
		CC4A382714952349004B7653 /* Build configuration list for PBXAggregateTarget "Documentation" */ = {
			isa = XCConfigurationList;
			buildConfigurations = (
				CC4A382814952349004B7653 /* Debug */,
				CC4A382914952349004B7653 /* Release */,
			);
			defaultConfigurationIsVisible = 0;
			defaultConfigurationName = Release;
		};
		CCC4516B14807A4F00F370E8 /* Build configuration list for PBXProject "UAShared" */ = {
			isa = XCConfigurationList;
			buildConfigurations = (
				CCC4516D14807A4F00F370E8 /* Debug */,
				CCC4516E14807A4F00F370E8 /* Release */,
			);
			defaultConfigurationIsVisible = 0;
			defaultConfigurationName = Release;
		};
		CCCAF3AC152A4F8300E22571 /* Build configuration list for PBXNativeTarget "UAShared" */ = {
			isa = XCConfigurationList;
			buildConfigurations = (
				CCCAF3AA152A4F8300E22571 /* Debug */,
				CCCAF3AB152A4F8300E22571 /* Release */,
			);
			defaultConfigurationIsVisible = 0;
			defaultConfigurationName = Release;
		};
/* End XCConfigurationList section */
	};
	rootObject = CCC4516814807A4F00F370E8 /* Project object */;
}
